
Microsoft Visual Studio Solution File, Format Version 12.00
# Visual Studio 15
VisualStudioVersion = 15.0.28307.852
MinimumVisualStudioVersion = 10.0.40219.1
Project("{FAE04EC0-301F-11D3-BF4B-00C04F79EFBC}") = "StepWars.DataAccess", "StepWars.DataAccess\StepWars.DataAccess.csproj", "{73A6BAB4-A329-467B-B209-DC09EAA28C10}"
EndProject
Project("{2150E333-8FDC-42A3-9474-1A3956D46DE8}") = "StepWars.Server", "StepWars.Server", "{3CC3AD04-E7E9-4815-89F1-04CBD79B046E}"
EndProject
Project("{2150E333-8FDC-42A3-9474-1A3956D46DE8}") = "StepWars.Client", "StepWars.Client", "{D391A092-9A7C-4A93-9ED9-E18490FE8B70}"
EndProject
Project("{FAE04EC0-301F-11D3-BF4B-00C04F79EFBC}") = "StepWars.BusinessLogic", "StepWars.BusinessLogic\StepWars.BusinessLogic.csproj", "{F9399330-A1C5-4444-8FB9-6B2E81C0DED1}"
EndProject
Project("{FAE04EC0-301F-11D3-BF4B-00C04F79EFBC}") = "StepWars.GameEngine", "StepWars.GameEngine\StepWars.GameEngine.csproj", "{8781E47C-EF15-4C06-9002-861ADF93BA5D}"
EndProject
Project("{FAE04EC0-301F-11D3-BF4B-00C04F79EFBC}") = "StepWars.UserInterface", "StepWars.UserInterface\StepWars.UserInterface.csproj", "{C315EBE4-6A5C-4A85-80AB-8BF2C4785AA0}"
	ProjectSection(ProjectDependencies) = postProject
		{F9399330-A1C5-4444-8FB9-6B2E81C0DED1} = {F9399330-A1C5-4444-8FB9-6B2E81C0DED1}
	EndProjectSection
EndProject
Project("{FAE04EC0-301F-11D3-BF4B-00C04F79EFBC}") = "StepWars.Helpers", "StepWars.Helpers\StepWars.Helpers.csproj", "{7A5A4F48-1215-4441-8FFB-7B03A408273B}"
EndProject
Global
	GlobalSection(SolutionConfigurationPlatforms) = preSolution
		Debug|Any CPU = Debug|Any CPU
		Release|Any CPU = Release|Any CPU
	EndGlobalSection
	GlobalSection(ProjectConfigurationPlatforms) = postSolution
		{73A6BAB4-A329-467B-B209-DC09EAA28C10}.Debug|Any CPU.ActiveCfg = Debug|Any CPU
		{73A6BAB4-A329-467B-B209-DC09EAA28C10}.Debug|Any CPU.Build.0 = Debug|Any CPU
		{73A6BAB4-A329-467B-B209-DC09EAA28C10}.Release|Any CPU.ActiveCfg = Release|Any CPU
		{73A6BAB4-A329-467B-B209-DC09EAA28C10}.Release|Any CPU.Build.0 = Release|Any CPU
		{F9399330-A1C5-4444-8FB9-6B2E81C0DED1}.Debug|Any CPU.ActiveCfg = Debug|Any CPU
		{F9399330-A1C5-4444-8FB9-6B2E81C0DED1}.Debug|Any CPU.Build.0 = Debug|Any CPU
		{F9399330-A1C5-4444-8FB9-6B2E81C0DED1}.Release|Any CPU.ActiveCfg = Release|Any CPU
		{F9399330-A1C5-4444-8FB9-6B2E81C0DED1}.Release|Any CPU.Build.0 = Release|Any CPU
		{8781E47C-EF15-4C06-9002-861ADF93BA5D}.Debug|Any CPU.ActiveCfg = Debug|Any CPU
		{8781E47C-EF15-4C06-9002-861ADF93BA5D}.Debug|Any CPU.Build.0 = Debug|Any CPU
		{8781E47C-EF15-4C06-9002-861ADF93BA5D}.Release|Any CPU.ActiveCfg = Release|Any CPU
		{8781E47C-EF15-4C06-9002-861ADF93BA5D}.Release|Any CPU.Build.0 = Release|Any CPU
		{C315EBE4-6A5C-4A85-80AB-8BF2C4785AA0}.Debug|Any CPU.ActiveCfg = Debug|Any CPU
		{C315EBE4-6A5C-4A85-80AB-8BF2C4785AA0}.Debug|Any CPU.Build.0 = Debug|Any CPU
		{C315EBE4-6A5C-4A85-80AB-8BF2C4785AA0}.Release|Any CPU.ActiveCfg = Release|Any CPU
		{C315EBE4-6A5C-4A85-80AB-8BF2C4785AA0}.Release|Any CPU.Build.0 = Release|Any CPU
		{7A5A4F48-1215-4441-8FFB-7B03A408273B}.Debug|Any CPU.ActiveCfg = Debug|Any CPU
		{7A5A4F48-1215-4441-8FFB-7B03A408273B}.Debug|Any CPU.Build.0 = Debug|Any CPU
		{7A5A4F48-1215-4441-8FFB-7B03A408273B}.Release|Any CPU.ActiveCfg = Release|Any CPU
		{7A5A4F48-1215-4441-8FFB-7B03A408273B}.Release|Any CPU.Build.0 = Release|Any CPU
	EndGlobalSection
	GlobalSection(SolutionProperties) = preSolution
		HideSolutionNode = FALSE
	EndGlobalSection
	GlobalSection(NestedProjects) = preSolution
		{73A6BAB4-A329-467B-B209-DC09EAA28C10} = {3CC3AD04-E7E9-4815-89F1-04CBD79B046E}
		{F9399330-A1C5-4444-8FB9-6B2E81C0DED1} = {3CC3AD04-E7E9-4815-89F1-04CBD79B046E}
		{8781E47C-EF15-4C06-9002-861ADF93BA5D} = {D391A092-9A7C-4A93-9ED9-E18490FE8B70}
		{C315EBE4-6A5C-4A85-80AB-8BF2C4785AA0} = {D391A092-9A7C-4A93-9ED9-E18490FE8B70}
		{7A5A4F48-1215-4441-8FFB-7B03A408273B} = {3CC3AD04-E7E9-4815-89F1-04CBD79B046E}
	EndGlobalSection
	GlobalSection(ExtensibilityGlobals) = postSolution
		SolutionGuid = {969310DE-CB65-4850-A996-8AE5872A2365}
	EndGlobalSection
EndGlobal
